// !$*UTF8*$!
{
	archiveVersion = 1;
	classes = {
	};
	objectVersion = 50;
	objects = {

/* Begin PBXBuildFile section */
		C40C6E782307296A0037B357 /* AppDelegate.swift in Sources */ = {isa = PBXBuildFile; fileRef = C40C6E772307296A0037B357 /* AppDelegate.swift */; };
		C40C6E7F2307296C0037B357 /* Assets.xcassets in Resources */ = {isa = PBXBuildFile; fileRef = C40C6E7E2307296C0037B357 /* Assets.xcassets */; };
		C40C6E822307296C0037B357 /* LaunchScreen.storyboard in Resources */ = {isa = PBXBuildFile; fileRef = C40C6E802307296C0037B357 /* LaunchScreen.storyboard */; };
		C40C6E8D2307296C0037B357 /* ViewsProgrammaticallyTests.swift in Sources */ = {isa = PBXBuildFile; fileRef = C40C6E8C2307296C0037B357 /* ViewsProgrammaticallyTests.swift */; };
		C40C6E982307296C0037B357 /* ViewsProgrammaticallyUITests.swift in Sources */ = {isa = PBXBuildFile; fileRef = C40C6E972307296C0037B357 /* ViewsProgrammaticallyUITests.swift */; };
		C40C6EA623076B330037B357 /* OnBoardingController.swift in Sources */ = {isa = PBXBuildFile; fileRef = C40C6EA523076B330037B357 /* OnBoardingController.swift */; };
		C40C6EA823076F880037B357 /* PageCell.swift in Sources */ = {isa = PBXBuildFile; fileRef = C40C6EA723076F880037B357 /* PageCell.swift */; };
		C40C6EAA230774ED0037B357 /* Page.swift in Sources */ = {isa = PBXBuildFile; fileRef = C40C6EA9230774ED0037B357 /* Page.swift */; };
		C40C6EB1230788140037B357 /* OnBoarding_CVCDelegates.swift in Sources */ = {isa = PBXBuildFile; fileRef = C40C6EB0230788140037B357 /* OnBoarding_CVCDelegates.swift */; };
		C40C6EB3230788C40037B357 /* OnBoarding_Extensions.swift in Sources */ = {isa = PBXBuildFile; fileRef = C40C6EB2230788C40037B357 /* OnBoarding_Extensions.swift */; };
/* End PBXBuildFile section */

/* Begin PBXContainerItemProxy section */
		C40C6E892307296C0037B357 /* PBXContainerItemProxy */ = {
			isa = PBXContainerItemProxy;
			containerPortal = C40C6E6C2307296A0037B357 /* Project object */;
			proxyType = 1;
			remoteGlobalIDString = C40C6E732307296A0037B357;
			remoteInfo = ViewsProgrammatically;
		};
		C40C6E942307296C0037B357 /* PBXContainerItemProxy */ = {
			isa = PBXContainerItemProxy;
			containerPortal = C40C6E6C2307296A0037B357 /* Project object */;
			proxyType = 1;
			remoteGlobalIDString = C40C6E732307296A0037B357;
			remoteInfo = ViewsProgrammatically;
		};
/* End PBXContainerItemProxy section */

/* Begin PBXFileReference section */
		C40C6E742307296A0037B357 /* ViewsProgrammatically.app */ = {isa = PBXFileReference; explicitFileType = wrapper.application; includeInIndex = 0; path = ViewsProgrammatically.app; sourceTree = BUILT_PRODUCTS_DIR; };
		C40C6E772307296A0037B357 /* AppDelegate.swift */ = {isa = PBXFileReference; lastKnownFileType = sourcecode.swift; path = AppDelegate.swift; sourceTree = "<group>"; };
		C40C6E7E2307296C0037B357 /* Assets.xcassets */ = {isa = PBXFileReference; lastKnownFileType = folder.assetcatalog; path = Assets.xcassets; sourceTree = "<group>"; };
		C40C6E812307296C0037B357 /* Base */ = {isa = PBXFileReference; lastKnownFileType = file.storyboard; name = Base; path = Base.lproj/LaunchScreen.storyboard; sourceTree = "<group>"; };
		C40C6E832307296C0037B357 /* Info.plist */ = {isa = PBXFileReference; lastKnownFileType = text.plist.xml; path = Info.plist; sourceTree = "<group>"; };
		C40C6E882307296C0037B357 /* ViewsProgrammaticallyTests.xctest */ = {isa = PBXFileReference; explicitFileType = wrapper.cfbundle; includeInIndex = 0; path = ViewsProgrammaticallyTests.xctest; sourceTree = BUILT_PRODUCTS_DIR; };
		C40C6E8C2307296C0037B357 /* ViewsProgrammaticallyTests.swift */ = {isa = PBXFileReference; lastKnownFileType = sourcecode.swift; path = ViewsProgrammaticallyTests.swift; sourceTree = "<group>"; };
		C40C6E8E2307296C0037B357 /* Info.plist */ = {isa = PBXFileReference; lastKnownFileType = text.plist.xml; path = Info.plist; sourceTree = "<group>"; };
		C40C6E932307296C0037B357 /* ViewsProgrammaticallyUITests.xctest */ = {isa = PBXFileReference; explicitFileType = wrapper.cfbundle; includeInIndex = 0; path = ViewsProgrammaticallyUITests.xctest; sourceTree = BUILT_PRODUCTS_DIR; };
		C40C6E972307296C0037B357 /* ViewsProgrammaticallyUITests.swift */ = {isa = PBXFileReference; lastKnownFileType = sourcecode.swift; path = ViewsProgrammaticallyUITests.swift; sourceTree = "<group>"; };
		C40C6E992307296C0037B357 /* Info.plist */ = {isa = PBXFileReference; lastKnownFileType = text.plist.xml; path = Info.plist; sourceTree = "<group>"; };
		C40C6EA523076B330037B357 /* OnBoardingController.swift */ = {isa = PBXFileReference; lastKnownFileType = sourcecode.swift; path = OnBoardingController.swift; sourceTree = "<group>"; };
		C40C6EA723076F880037B357 /* PageCell.swift */ = {isa = PBXFileReference; lastKnownFileType = sourcecode.swift; path = PageCell.swift; sourceTree = "<group>"; };
		C40C6EA9230774ED0037B357 /* Page.swift */ = {isa = PBXFileReference; lastKnownFileType = sourcecode.swift; path = Page.swift; sourceTree = "<group>"; };
		C40C6EB0230788140037B357 /* OnBoarding_CVCDelegates.swift */ = {isa = PBXFileReference; lastKnownFileType = sourcecode.swift; path = OnBoarding_CVCDelegates.swift; sourceTree = "<group>"; };
		C40C6EB2230788C40037B357 /* OnBoarding_Extensions.swift */ = {isa = PBXFileReference; lastKnownFileType = sourcecode.swift; path = OnBoarding_Extensions.swift; sourceTree = "<group>"; };
/* End PBXFileReference section */

/* Begin PBXFrameworksBuildPhase section */
		C40C6E712307296A0037B357 /* Frameworks */ = {
			isa = PBXFrameworksBuildPhase;
			buildActionMask = 2147483647;
			files = (
			);
			runOnlyForDeploymentPostprocessing = 0;
		};
		C40C6E852307296C0037B357 /* Frameworks */ = {
			isa = PBXFrameworksBuildPhase;
			buildActionMask = 2147483647;
			files = (
			);
			runOnlyForDeploymentPostprocessing = 0;
		};
		C40C6E902307296C0037B357 /* Frameworks */ = {
			isa = PBXFrameworksBuildPhase;
			buildActionMask = 2147483647;
			files = (
			);
			runOnlyForDeploymentPostprocessing = 0;
		};
/* End PBXFrameworksBuildPhase section */

/* Begin PBXGroup section */
		C40C6E6B2307296A0037B357 = {
			isa = PBXGroup;
			children = (
				C40C6E762307296A0037B357 /* ViewsProgrammatically */,
				C40C6E8B2307296C0037B357 /* ViewsProgrammaticallyTests */,
				C40C6E962307296C0037B357 /* ViewsProgrammaticallyUITests */,
				C40C6E752307296A0037B357 /* Products */,
			);
			sourceTree = "<group>";
		};
		C40C6E752307296A0037B357 /* Products */ = {
			isa = PBXGroup;
			children = (
				C40C6E742307296A0037B357 /* ViewsProgrammatically.app */,
				C40C6E882307296C0037B357 /* ViewsProgrammaticallyTests.xctest */,
				C40C6E932307296C0037B357 /* ViewsProgrammaticallyUITests.xctest */,
			);
			name = Products;
			sourceTree = "<group>";
		};
		C40C6E762307296A0037B357 /* ViewsProgrammatically */ = {
			isa = PBXGroup;
			children = (
				C40C6E772307296A0037B357 /* AppDelegate.swift */,
				C40C6EAE230779E60037B357 /* MVCs */,
				C40C6E7E2307296C0037B357 /* Assets.xcassets */,
				C40C6E802307296C0037B357 /* LaunchScreen.storyboard */,
				C40C6E832307296C0037B357 /* Info.plist */,
			);
			path = ViewsProgrammatically;
			sourceTree = "<group>";
		};
		C40C6E8B2307296C0037B357 /* ViewsProgrammaticallyTests */ = {
			isa = PBXGroup;
			children = (
				C40C6E8C2307296C0037B357 /* ViewsProgrammaticallyTests.swift */,
				C40C6E8E2307296C0037B357 /* Info.plist */,
			);
			path = ViewsProgrammaticallyTests;
			sourceTree = "<group>";
		};
		C40C6E962307296C0037B357 /* ViewsProgrammaticallyUITests */ = {
			isa = PBXGroup;
			children = (
				C40C6E972307296C0037B357 /* ViewsProgrammaticallyUITests.swift */,
				C40C6E992307296C0037B357 /* Info.plist */,
			);
			path = ViewsProgrammaticallyUITests;
			sourceTree = "<group>";
		};
		C40C6EAB2307796F0037B357 /* Models */ = {
			isa = PBXGroup;
			children = (
				C40C6EA9230774ED0037B357 /* Page.swift */,
			);
			path = Models;
			sourceTree = "<group>";
		};
		C40C6EAC230779B90037B357 /* Views */ = {
			isa = PBXGroup;
			children = (
				C40C6EA723076F880037B357 /* PageCell.swift */,
			);
			path = Views;
			sourceTree = "<group>";
		};
		C40C6EAD230779CA0037B357 /* Controllers */ = {
			isa = PBXGroup;
			children = (
				C40C6EAF230787EF0037B357 /* OnBoarding */,
			);
			path = Controllers;
			sourceTree = "<group>";
		};
		C40C6EAE230779E60037B357 /* MVCs */ = {
			isa = PBXGroup;
			children = (
				C40C6EAD230779CA0037B357 /* Controllers */,
				C40C6EAC230779B90037B357 /* Views */,
				C40C6EAB2307796F0037B357 /* Models */,
			);
			path = MVCs;
			sourceTree = "<group>";
		};
		C40C6EAF230787EF0037B357 /* OnBoarding */ = {
			isa = PBXGroup;
			children = (
				C40C6EA523076B330037B357 /* OnBoardingController.swift */,
				C40C6EB0230788140037B357 /* OnBoarding_CVCDelegates.swift */,
				C40C6EB2230788C40037B357 /* OnBoarding_Extensions.swift */,
			);
			path = OnBoarding;
			sourceTree = "<group>";
		};
/* End PBXGroup section */

/* Begin PBXNativeTarget section */
		C40C6E732307296A0037B357 /* ViewsProgrammatically */ = {
			isa = PBXNativeTarget;
			buildConfigurationList = C40C6E9C2307296C0037B357 /* Build configuration list for PBXNativeTarget "ViewsProgrammatically" */;
			buildPhases = (
				C40C6E702307296A0037B357 /* Sources */,
				C40C6E712307296A0037B357 /* Frameworks */,
				C40C6E722307296A0037B357 /* Resources */,
			);
			buildRules = (
			);
			dependencies = (
			);
			name = ViewsProgrammatically;
			productName = ViewsProgrammatically;
			productReference = C40C6E742307296A0037B357 /* ViewsProgrammatically.app */;
			productType = "com.apple.product-type.application";
		};
		C40C6E872307296C0037B357 /* ViewsProgrammaticallyTests */ = {
			isa = PBXNativeTarget;
			buildConfigurationList = C40C6E9F2307296C0037B357 /* Build configuration list for PBXNativeTarget "ViewsProgrammaticallyTests" */;
			buildPhases = (
				C40C6E842307296C0037B357 /* Sources */,
				C40C6E852307296C0037B357 /* Frameworks */,
				C40C6E862307296C0037B357 /* Resources */,
			);
			buildRules = (
			);
			dependencies = (
				C40C6E8A2307296C0037B357 /* PBXTargetDependency */,
			);
			name = ViewsProgrammaticallyTests;
			productName = ViewsProgrammaticallyTests;
			productReference = C40C6E882307296C0037B357 /* ViewsProgrammaticallyTests.xctest */;
			productType = "com.apple.product-type.bundle.unit-test";
		};
		C40C6E922307296C0037B357 /* ViewsProgrammaticallyUITests */ = {
			isa = PBXNativeTarget;
			buildConfigurationList = C40C6EA22307296C0037B357 /* Build configuration list for PBXNativeTarget "ViewsProgrammaticallyUITests" */;
			buildPhases = (
				C40C6E8F2307296C0037B357 /* Sources */,
				C40C6E902307296C0037B357 /* Frameworks */,
				C40C6E912307296C0037B357 /* Resources */,
			);
			buildRules = (
			);
			dependencies = (
				C40C6E952307296C0037B357 /* PBXTargetDependency */,
			);
			name = ViewsProgrammaticallyUITests;
			productName = ViewsProgrammaticallyUITests;
			productReference = C40C6E932307296C0037B357 /* ViewsProgrammaticallyUITests.xctest */;
			productType = "com.apple.product-type.bundle.ui-testing";
		};
/* End PBXNativeTarget section */

/* Begin PBXProject section */
		C40C6E6C2307296A0037B357 /* Project object */ = {
			isa = PBXProject;
			attributes = {
				LastSwiftUpdateCheck = 1020;
				LastUpgradeCheck = 1020;
				ORGANIZATIONNAME = Techson;
				TargetAttributes = {
					C40C6E732307296A0037B357 = {
						CreatedOnToolsVersion = 10.2.1;
					};
					C40C6E872307296C0037B357 = {
						CreatedOnToolsVersion = 10.2.1;
						TestTargetID = C40C6E732307296A0037B357;
					};
					C40C6E922307296C0037B357 = {
						CreatedOnToolsVersion = 10.2.1;
						TestTargetID = C40C6E732307296A0037B357;
					};
				};
			};
			buildConfigurationList = C40C6E6F2307296A0037B357 /* Build configuration list for PBXProject "ViewsProgrammatically" */;
			compatibilityVersion = "Xcode 9.3";
			developmentRegion = en;
			hasScannedForEncodings = 0;
			knownRegions = (
				en,
				Base,
			);
			mainGroup = C40C6E6B2307296A0037B357;
			productRefGroup = C40C6E752307296A0037B357 /* Products */;
			projectDirPath = "";
			projectRoot = "";
			targets = (
				C40C6E732307296A0037B357 /* ViewsProgrammatically */,
				C40C6E872307296C0037B357 /* ViewsProgrammaticallyTests */,
				C40C6E922307296C0037B357 /* ViewsProgrammaticallyUITests */,
			);
		};
/* End PBXProject section */

/* Begin PBXResourcesBuildPhase section */
		C40C6E722307296A0037B357 /* Resources */ = {
			isa = PBXResourcesBuildPhase;
			buildActionMask = 2147483647;
			files = (
				C40C6E822307296C0037B357 /* LaunchScreen.storyboard in Resources */,
				C40C6E7F2307296C0037B357 /* Assets.xcassets in Resources */,
			);
			runOnlyForDeploymentPostprocessing = 0;
		};
		C40C6E862307296C0037B357 /* Resources */ = {
			isa = PBXResourcesBuildPhase;
			buildActionMask = 2147483647;
			files = (
			);
			runOnlyForDeploymentPostprocessing = 0;
		};
		C40C6E912307296C0037B357 /* Resources */ = {
			isa = PBXResourcesBuildPhase;
			buildActionMask = 2147483647;
			files = (
			);
			runOnlyForDeploymentPostprocessing = 0;
		};
/* End PBXResourcesBuildPhase section */

/* Begin PBXSourcesBuildPhase section */
		C40C6E702307296A0037B357 /* Sources */ = {
			isa = PBXSourcesBuildPhase;
			buildActionMask = 2147483647;
			files = (
				C40C6EA623076B330037B357 /* OnBoardingController.swift in Sources */,
				C40C6EB3230788C40037B357 /* OnBoarding_Extensions.swift in Sources */,
				C40C6EB1230788140037B357 /* OnBoarding_CVCDelegates.swift in Sources */,
				C40C6EA823076F880037B357 /* PageCell.swift in Sources */,
				C40C6E782307296A0037B357 /* AppDelegate.swift in Sources */,
				C40C6EAA230774ED0037B357 /* Page.swift in Sources */,
			);
			runOnlyForDeploymentPostprocessing = 0;
		};
		C40C6E842307296C0037B357 /* Sources */ = {
			isa = PBXSourcesBuildPhase;
			buildActionMask = 2147483647;
			files = (
				C40C6E8D2307296C0037B357 /* ViewsProgrammaticallyTests.swift in Sources */,
			);
			runOnlyForDeploymentPostprocessing = 0;
		};
		C40C6E8F2307296C0037B357 /* Sources */ = {
			isa = PBXSourcesBuildPhase;
			buildActionMask = 2147483647;
			files = (
				C40C6E982307296C0037B357 /* ViewsProgrammaticallyUITests.swift in Sources */,
			);
			runOnlyForDeploymentPostprocessing = 0;
		};
/* End PBXSourcesBuildPhase section */

/* Begin PBXTargetDependency section */
		C40C6E8A2307296C0037B357 /* PBXTargetDependency */ = {
			isa = PBXTargetDependency;
			target = C40C6E732307296A0037B357 /* ViewsProgrammatically */;
			targetProxy = C40C6E892307296C0037B357 /* PBXContainerItemProxy */;
		};
		C40C6E952307296C0037B357 /* PBXTargetDependency */ = {
			isa = PBXTargetDependency;
			target = C40C6E732307296A0037B357 /* ViewsProgrammatically */;
			targetProxy = C40C6E942307296C0037B357 /* PBXContainerItemProxy */;
		};
/* End PBXTargetDependency section */

/* Begin PBXVariantGroup section */
		C40C6E802307296C0037B357 /* LaunchScreen.storyboard */ = {
			isa = PBXVariantGroup;
			children = (
				C40C6E812307296C0037B357 /* Base */,
			);
			name = LaunchScreen.storyboard;
			sourceTree = "<group>";
		};
/* End PBXVariantGroup section */

/* Begin XCBuildConfiguration section */
		C40C6E9A2307296C0037B357 /* Debug */ = {
			isa = XCBuildConfiguration;
			buildSettings = {
				ALWAYS_SEARCH_USER_PATHS = NO;
				CLANG_ANALYZER_NONNULL = YES;
				CLANG_ANALYZER_NUMBER_OBJECT_CONVERSION = YES_AGGRESSIVE;
				CLANG_CXX_LANGUAGE_STANDARD = "gnu++14";
				CLANG_CXX_LIBRARY = "libc++";
				CLANG_ENABLE_MODULES = YES;
				CLANG_ENABLE_OBJC_ARC = YES;
				CLANG_ENABLE_OBJC_WEAK = YES;
				CLANG_WARN_BLOCK_CAPTURE_AUTORELEASING = YES;
				CLANG_WARN_BOOL_CONVERSION = YES;
				CLANG_WARN_COMMA = YES;
				CLANG_WARN_CONSTANT_CONVERSION = YES;
				CLANG_WARN_DEPRECATED_OBJC_IMPLEMENTATIONS = YES;
				CLANG_WARN_DIRECT_OBJC_ISA_USAGE = YES_ERROR;
				CLANG_WARN_DOCUMENTATION_COMMENTS = YES;
				CLANG_WARN_EMPTY_BODY = YES;
				CLANG_WARN_ENUM_CONVERSION = YES;
				CLANG_WARN_INFINITE_RECURSION = YES;
				CLANG_WARN_INT_CONVERSION = YES;
				CLANG_WARN_NON_LITERAL_NULL_CONVERSION = YES;
				CLANG_WARN_OBJC_IMPLICIT_RETAIN_SELF = YES;
				CLANG_WARN_OBJC_LITERAL_CONVERSION = YES;
				CLANG_WARN_OBJC_ROOT_CLASS = YES_ERROR;
				CLANG_WARN_RANGE_LOOP_ANALYSIS = YES;
				CLANG_WARN_STRICT_PROTOTYPES = YES;
				CLANG_WARN_SUSPICIOUS_MOVE = YES;
				CLANG_WARN_UNGUARDED_AVAILABILITY = YES_AGGRESSIVE;
				CLANG_WARN_UNREACHABLE_CODE = YES;
				CLANG_WARN__DUPLICATE_METHOD_MATCH = YES;
				CODE_SIGN_IDENTITY = "iPhone Developer";
				COPY_PHASE_STRIP = NO;
				DEBUG_INFORMATION_FORMAT = dwarf;
				ENABLE_STRICT_OBJC_MSGSEND = YES;
				ENABLE_TESTABILITY = YES;
				GCC_C_LANGUAGE_STANDARD = gnu11;
				GCC_DYNAMIC_NO_PIC = NO;
				GCC_NO_COMMON_BLOCKS = YES;
				GCC_OPTIMIZATION_LEVEL = 0;
				GCC_PREPROCESSOR_DEFINITIONS = (
					"DEBUG=1",
					"$(inherited)",
				);
				GCC_WARN_64_TO_32_BIT_CONVERSION = YES;
				GCC_WARN_ABOUT_RETURN_TYPE = YES_ERROR;
				GCC_WARN_UNDECLARED_SELECTOR = YES;
				GCC_WARN_UNINITIALIZED_AUTOS = YES_AGGRESSIVE;
				GCC_WARN_UNUSED_FUNCTION = YES;
				GCC_WARN_UNUSED_VARIABLE = YES;
				IPHONEOS_DEPLOYMENT_TARGET = 12.2;
				MTL_ENABLE_DEBUG_INFO = INCLUDE_SOURCE;
				MTL_FAST_MATH = YES;
				ONLY_ACTIVE_ARCH = YES;
				SDKROOT = iphoneos;
				SWIFT_ACTIVE_COMPILATION_CONDITIONS = DEBUG;
				SWIFT_OPTIMIZATION_LEVEL = "-Onone";
			};
			name = Debug;
		};
		C40C6E9B2307296C0037B357 /* Release */ = {
			isa = XCBuildConfiguration;
			buildSettings = {
				ALWAYS_SEARCH_USER_PATHS = NO;
				CLANG_ANALYZER_NONNULL = YES;
				CLANG_ANALYZER_NUMBER_OBJECT_CONVERSION = YES_AGGRESSIVE;
				CLANG_CXX_LANGUAGE_STANDARD = "gnu++14";
				CLANG_CXX_LIBRARY = "libc++";
				CLANG_ENABLE_MODULES = YES;
				CLANG_ENABLE_OBJC_ARC = YES;
				CLANG_ENABLE_OBJC_WEAK = YES;
				CLANG_WARN_BLOCK_CAPTURE_AUTORELEASING = YES;
				CLANG_WARN_BOOL_CONVERSION = YES;
				CLANG_WARN_COMMA = YES;
				CLANG_WARN_CONSTANT_CONVERSION = YES;
				CLANG_WARN_DEPRECATED_OBJC_IMPLEMENTATIONS = YES;
				CLANG_WARN_DIRECT_OBJC_ISA_USAGE = YES_ERROR;
				CLANG_WARN_DOCUMENTATION_COMMENTS = YES;
				CLANG_WARN_EMPTY_BODY = YES;
				CLANG_WARN_ENUM_CONVERSION = YES;
				CLANG_WARN_INFINITE_RECURSION = YES;
				CLANG_WARN_INT_CONVERSION = YES;
				CLANG_WARN_NON_LITERAL_NULL_CONVERSION = YES;
				CLANG_WARN_OBJC_IMPLICIT_RETAIN_SELF = YES;
				CLANG_WARN_OBJC_LITERAL_CONVERSION = YES;
				CLANG_WARN_OBJC_ROOT_CLASS = YES_ERROR;
				CLANG_WARN_RANGE_LOOP_ANALYSIS = YES;
				CLANG_WARN_STRICT_PROTOTYPES = YES;
				CLANG_WARN_SUSPICIOUS_MOVE = YES;
				CLANG_WARN_UNGUARDED_AVAILABILITY = YES_AGGRESSIVE;
				CLANG_WARN_UNREACHABLE_CODE = YES;
				CLANG_WARN__DUPLICATE_METHOD_MATCH = YES;
				CODE_SIGN_IDENTITY = "iPhone Developer";
				COPY_PHASE_STRIP = NO;
				DEBUG_INFORMATION_FORMAT = "dwarf-with-dsym";
				ENABLE_NS_ASSERTIONS = NO;
				ENABLE_STRICT_OBJC_MSGSEND = YES;
				GCC_C_LANGUAGE_STANDARD = gnu11;
				GCC_NO_COMMON_BLOCKS = YES;
				GCC_WARN_64_TO_32_BIT_CONVERSION = YES;
				GCC_WARN_ABOUT_RETURN_TYPE = YES_ERROR;
				GCC_WARN_UNDECLARED_SELECTOR = YES;
				GCC_WARN_UNINITIALIZED_AUTOS = YES_AGGRESSIVE;
				GCC_WARN_UNUSED_FUNCTION = YES;
				GCC_WARN_UNUSED_VARIABLE = YES;
				IPHONEOS_DEPLOYMENT_TARGET = 12.2;
				MTL_ENABLE_DEBUG_INFO = NO;
				MTL_FAST_MATH = YES;
				SDKROOT = iphoneos;
				SWIFT_COMPILATION_MODE = wholemodule;
				SWIFT_OPTIMIZATION_LEVEL = "-O";
				VALIDATE_PRODUCT = YES;
			};
			name = Release;
		};
		C40C6E9D2307296C0037B357 /* Debug */ = {
			isa = XCBuildConfiguration;
			buildSettings = {
				ASSETCATALOG_COMPILER_APPICON_NAME = AppIcon;
				CODE_SIGN_STYLE = Automatic;
				DEVELOPMENT_TEAM = ZT54WUH3TM;
				INFOPLIST_FILE = ViewsProgrammatically/Info.plist;
				LD_RUNPATH_SEARCH_PATHS = (
					"$(inherited)",
					"@executable_path/Frameworks",
				);
				PRODUCT_BUNDLE_IDENTIFIER = com.Techson.ViewsProgrammatically;
				PRODUCT_NAME = "$(TARGET_NAME)";
				SWIFT_VERSION = 5.0;
				TARGETED_DEVICE_FAMILY = "1,2";
			};
			name = Debug;
		};
		C40C6E9E2307296C0037B357 /* Release */ = {
			isa = XCBuildConfiguration;
			buildSettings = {
				ASSETCATALOG_COMPILER_APPICON_NAME = AppIcon;
				CODE_SIGN_STYLE = Automatic;
				DEVELOPMENT_TEAM = ZT54WUH3TM;
				INFOPLIST_FILE = ViewsProgrammatically/Info.plist;
				LD_RUNPATH_SEARCH_PATHS = (
					"$(inherited)",
					"@executable_path/Frameworks",
				);
				PRODUCT_BUNDLE_IDENTIFIER = com.Techson.ViewsProgrammatically;
				PRODUCT_NAME = "$(TARGET_NAME)";
				SWIFT_VERSION = 5.0;
				TARGETED_DEVICE_FAMILY = "1,2";
			};
			name = Release;
		};
		C40C6EA02307296C0037B357 /* Debug */ = {
			isa = XCBuildConfiguration;
			buildSettings = {
				ALWAYS_EMBED_SWIFT_STANDARD_LIBRARIES = YES;
				BUNDLE_LOADER = "$(TEST_HOST)";
				CODE_SIGN_STYLE = Automatic;
				DEVELOPMENT_TEAM = ZT54WUH3TM;
				INFOPLIST_FILE = ViewsProgrammaticallyTests/Info.plist;
				LD_RUNPATH_SEARCH_PATHS = (
					"$(inherited)",
					"@executable_path/Frameworks",
					"@loader_path/Frameworks",
				);
				PRODUCT_BUNDLE_IDENTIFIER = com.Techson.ViewsProgrammaticallyTests;
				PRODUCT_NAME = "$(TARGET_NAME)";
				SWIFT_VERSION = 5.0;
				TARGETED_DEVICE_FAMILY = "1,2";
				TEST_HOST = "$(BUILT_PRODUCTS_DIR)/ViewsProgrammatically.app/ViewsProgrammatically";
			};
			name = Debug;
		};
		C40C6EA12307296C0037B357 /* Release */ = {
			isa = XCBuildConfiguration;
			buildSettings = {
				ALWAYS_EMBED_SWIFT_STANDARD_LIBRARIES = YES;
				BUNDLE_LOADER = "$(TEST_HOST)";
				CODE_SIGN_STYLE = Automatic;
				DEVELOPMENT_TEAM = ZT54WUH3TM;
				INFOPLIST_FILE = ViewsProgrammaticallyTests/Info.plist;
				LD_RUNPATH_SEARCH_PATHS = (
					"$(inherited)",
					"@executable_path/Frameworks",
					"@loader_path/Frameworks",
				);
				PRODUCT_BUNDLE_IDENTIFIER = com.Techson.ViewsProgrammaticallyTests;
				PRODUCT_NAME = "$(TARGET_NAME)";
				SWIFT_VERSION = 5.0;
				TARGETED_DEVICE_FAMILY = "1,2";
				TEST_HOST = "$(BUILT_PRODUCTS_DIR)/ViewsProgrammatically.app/ViewsProgrammatically";
			};
			name = Release;
		};
		C40C6EA32307296C0037B357 /* Debug */ = {
			isa = XCBuildConfiguration;
			buildSettings = {
				ALWAYS_EMBED_SWIFT_STANDARD_LIBRARIES = YES;
				CODE_SIGN_STYLE = Automatic;
				DEVELOPMENT_TEAM = ZT54WUH3TM;
				INFOPLIST_FILE = ViewsProgrammaticallyUITests/Info.plist;
				LD_RUNPATH_SEARCH_PATHS = (
					"$(inherited)",
					"@executable_path/Frameworks",
					"@loader_path/Frameworks",
				);
				PRODUCT_BUNDLE_IDENTIFIER = com.Techson.ViewsProgrammaticallyUITests;
				PRODUCT_NAME = "$(TARGET_NAME)";
				SWIFT_VERSION = 5.0;
				TARGETED_DEVICE_FAMILY = "1,2";
				TEST_TARGET_NAME = ViewsProgrammatically;
			};
			name = Debug;
		};
		C40C6EA42307296C0037B357 /* Release */ = {
			isa = XCBuildConfiguration;
			buildSettings = {
				ALWAYS_EMBED_SWIFT_STANDARD_LIBRARIES = YES;
				CODE_SIGN_STYLE = Automatic;
				DEVELOPMENT_TEAM = ZT54WUH3TM;
				INFOPLIST_FILE = ViewsProgrammaticallyUITests/Info.plist;
				LD_RUNPATH_SEARCH_PATHS = (
					"$(inherited)",
					"@executable_path/Frameworks",
					"@loader_path/Frameworks",
				);
				PRODUCT_BUNDLE_IDENTIFIER = com.Techson.ViewsProgrammaticallyUITests;
				PRODUCT_NAME = "$(TARGET_NAME)";
				SWIFT_VERSION = 5.0;
				TARGETED_DEVICE_FAMILY = "1,2";
				TEST_TARGET_NAME = ViewsProgrammatically;
			};
			name = Release;
		};
/* End XCBuildConfiguration section */

/* Begin XCConfigurationList section */
		C40C6E6F2307296A0037B357 /* Build configuration list for PBXProject "ViewsProgrammatically" */ = {
			isa = XCConfigurationList;
			buildConfigurations = (
				C40C6E9A2307296C0037B357 /* Debug */,
				C40C6E9B2307296C0037B357 /* Release */,
			);
			defaultConfigurationIsVisible = 0;
			defaultConfigurationName = Release;
		};
		C40C6E9C2307296C0037B357 /* Build configuration list for PBXNativeTarget "ViewsProgrammatically" */ = {
			isa = XCConfigurationList;
			buildConfigurations = (
				C40C6E9D2307296C0037B357 /* Debug */,
				C40C6E9E2307296C0037B357 /* Release */,
			);
			defaultConfigurationIsVisible = 0;
			defaultConfigurationName = Release;
		};
		C40C6E9F2307296C0037B357 /* Build configuration list for PBXNativeTarget "ViewsProgrammaticallyTests" */ = {
			isa = XCConfigurationList;
			buildConfigurations = (
				C40C6EA02307296C0037B357 /* Debug */,
				C40C6EA12307296C0037B357 /* Release */,
			);
			defaultConfigurationIsVisible = 0;
			defaultConfigurationName = Release;
		};
		C40C6EA22307296C0037B357 /* Build configuration list for PBXNativeTarget "ViewsProgrammaticallyUITests" */ = {
			isa = XCConfigurationList;
			buildConfigurations = (
				C40C6EA32307296C0037B357 /* Debug */,
				C40C6EA42307296C0037B357 /* Release */,
			);
			defaultConfigurationIsVisible = 0;
			defaultConfigurationName = Release;
		};
/* End XCConfigurationList section */
	};
	rootObject = C40C6E6C2307296A0037B357 /* Project object */;
}
